// !$*UTF8*$!
{
	archiveVersion = 1;
	classes = {
	};
	objectVersion = 46;
	objects = {

/* Begin PBXBuildFile section */
		968F21071C4FE014004E7AAB /* main.swift in Sources */ = {isa = PBXBuildFile; fileRef = 968F21061C4FE014004E7AAB /* main.swift */; };
		968F21101C4FE07A004E7AAB /* Animal.swift in Sources */ = {isa = PBXBuildFile; fileRef = 968F210F1C4FE07A004E7AAB /* Animal.swift */; };
		968F21121C4FE1E5004E7AAB /* FileUtils.swift in Sources */ = {isa = PBXBuildFile; fileRef = 968F21111C4FE1E5004E7AAB /* FileUtils.swift */; };
/* End PBXBuildFile section */

/* Begin PBXCopyFilesBuildPhase section */
		968F21011C4FE014004E7AAB /* CopyFiles */ = {
			isa = PBXCopyFilesBuildPhase;
			buildActionMask = 2147483647;
			dstPath = /usr/share/man/man1/;
			dstSubfolderSpec = 0;
			files = (
			);
			runOnlyForDeploymentPostprocessing = 1;
		};
/* End PBXCopyFilesBuildPhase section */

/* Begin PBXFileReference section */
		968F21031C4FE014004E7AAB /* 20 Questions */ = {isa = PBXFileReference; explicitFileType = "compiled.mach-o.executable"; includeInIndex = 0; path = "20 Questions"; sourceTree = BUILT_PRODUCTS_DIR; };
		968F21061C4FE014004E7AAB /* main.swift */ = {isa = PBXFileReference; lastKnownFileType = sourcecode.swift; path = main.swift; sourceTree = "<group>"; };
		968F210F1C4FE07A004E7AAB /* Animal.swift */ = {isa = PBXFileReference; fileEncoding = 4; lastKnownFileType = sourcecode.swift; path = Animal.swift; sourceTree = "<group>"; };
		968F21111C4FE1E5004E7AAB /* FileUtils.swift */ = {isa = PBXFileReference; fileEncoding = 4; lastKnownFileType = sourcecode.swift; path = FileUtils.swift; sourceTree = "<group>"; };
/* End PBXFileReference section */

/* Begin PBXFrameworksBuildPhase section */
		968F21001C4FE014004E7AAB /* Frameworks */ = {
			isa = PBXFrameworksBuildPhase;
			buildActionMask = 2147483647;
			files = (
			);
			runOnlyForDeploymentPostprocessing = 0;
		};
/* End PBXFrameworksBuildPhase section */

/* Begin PBXGroup section */
		968F20FA1C4FE014004E7AAB = {
			isa = PBXGroup;
			children = (
				968F21051C4FE014004E7AAB /* 20 Questions */,
				968F21041C4FE014004E7AAB /* Products */,
			);
			sourceTree = "<group>";
		};
		968F21041C4FE014004E7AAB /* Products */ = {
			isa = PBXGroup;
			children = (
				968F21031C4FE014004E7AAB /* 20 Questions */,
			);
			name = Products;
			sourceTree = "<group>";
		};
		968F21051C4FE014004E7AAB /* 20 Questions */ = {
			isa = PBXGroup;
			children = (
				968F21061C4FE014004E7AAB /* main.swift */,
				968F210F1C4FE07A004E7AAB /* Animal.swift */,
				968F21111C4FE1E5004E7AAB /* FileUtils.swift */,
			);
			path = "20 Questions";
			sourceTree = "<group>";
		};
/* End PBXGroup section */

/* Begin PBXNativeTarget section */
		968F21021C4FE014004E7AAB /* 20 Questions */ = {
			isa = PBXNativeTarget;
			buildConfigurationList = 968F210A1C4FE014004E7AAB /* Build configuration list for PBXNativeTarget "20 Questions" */;
			buildPhases = (
				968F20FF1C4FE014004E7AAB /* Sources */,
				968F21001C4FE014004E7AAB /* Frameworks */,
				968F21011C4FE014004E7AAB /* CopyFiles */,
			);
			buildRules = (
			);
			dependencies = (
			);
			name = "20 Questions";
			productName = "20 Questions";
			productReference = 968F21031C4FE014004E7AAB /* 20 Questions */;
			productType = "com.apple.product-type.tool";
		};
/* End PBXNativeTarget section */

/* Begin PBXProject section */
		968F20FB1C4FE014004E7AAB /* Project object */ = {
			isa = PBXProject;
			attributes = {
				LastSwiftUpdateCheck = 0720;
				LastUpgradeCheck = 0720;
				ORGANIZATIONNAME = "WALLS BENAJMIN A";
				TargetAttributes = {
					968F21021C4FE014004E7AAB = {
						CreatedOnToolsVersion = 7.2;
					};
				};
			};
			buildConfigurationList = 968F20FE1C4FE014004E7AAB /* Build configuration list for PBXProject "20 Questions" */;
			compatibilityVersion = "Xcode 3.2";
			developmentRegion = English;
			hasScannedForEncodings = 0;
			knownRegions = (
				en,
			);
			mainGroup = 968F20FA1C4FE014004E7AAB;
			productRefGroup = 968F21041C4FE014004E7AAB /* Products */;
			projectDirPath = "";
			projectRoot = "";
			targets = (
				968F21021C4FE014004E7AAB /* 20 Questions */,
			);
		};
/* End PBXProject section */

/* Begin PBXSourcesBuildPhase section */
		968F20FF1C4FE014004E7AAB /* Sources */ = {
			isa = PBXSourcesBuildPhase;
			buildActionMask = 2147483647;
			files = (
				968F21121C4FE1E5004E7AAB /* FileUtils.swift in Sources */,
				968F21071C4FE014004E7AAB /* main.swift in Sources */,
				968F21101C4FE07A004E7AAB /* Animal.swift in Sources */,
			);
			runOnlyForDeploymentPostprocessing = 0;
		};
/* End PBXSourcesBuildPhase section */

/* Begin XCBuildConfiguration section */
		968F21081C4FE014004E7AAB /* Debug */ = {
			isa = XCBuildConfiguration;
			buildSettings = {
				ALWAYS_SEARCH_USER_PATHS = NO;
				CLANG_CXX_LANGUAGE_STANDARD = "gnu++0x";
				CLANG_CXX_LIBRARY = "libc++";
				CLANG_ENABLE_MODULES = YES;
				CLANG_ENABLE_OBJC_ARC = YES;
				CLANG_WARN_BOOL_CONVERSION = YES;
				CLANG_WARN_CONSTANT_CONVERSION = YES;
				CLANG_WARN_DIRECT_OBJC_ISA_USAGE = YES_ERROR;
				CLANG_WARN_EMPTY_BODY = YES;
				CLANG_WARN_ENUM_CONVERSION = YES;
				CLANG_WARN_INT_CONVERSION = YES;
				CLANG_WARN_OBJC_ROOT_CLASS = YES_ERROR;
				CLANG_WARN_UNREACHABLE_CODE = YES;
				CLANG_WARN__DUPLICATE_METHOD_MATCH = YES;
				CODE_SIGN_IDENTITY = "-";
				COPY_PHASE_STRIP = NO;
				DEBUG_INFORMATION_FORMAT = dwarf;
				ENABLE_STRICT_OBJC_MSGSEND = YES;
				ENABLE_TESTABILITY = YES;
				GCC_C_LANGUAGE_STANDARD = gnu99;
				GCC_DYNAMIC_NO_PIC = NO;
				GCC_NO_COMMON_BLOCKS = YES;
				GCC_OPTIMIZATION_LEVEL = 0;
				GCC_PREPROCESSOR_DEFINITIONS = (
					"DEBUG=1",
					"$(inherited)",
				);
				GCC_WARN_64_TO_32_BIT_CONVERSION = YES;
				GCC_WARN_ABOUT_RETURN_TYPE = YES_ERROR;
				GCC_WARN_UNDECLARED_SELECTOR = YES;
				GCC_WARN_UNINITIALIZED_AUTOS = YES_AGGRESSIVE;
				GCC_WARN_UNUSED_FUNCTION = YES;
				GCC_WARN_UNUSED_VARIABLE = YES;
				MACOSX_DEPLOYMENT_TARGET = 10.10;
				MTL_ENABLE_DEBUG_INFO = YES;
				ONLY_ACTIVE_ARCH = YES;
				SDKROOT = macosx;
				SWIFT_OPTIMIZATION_LEVEL = "-Onone";
			};
			name = Debug;
		};
		968F21091C4FE014004E7AAB /* Release */ = {
			isa = XCBuildConfiguration;
			buildSettings = {
				ALWAYS_SEARCH_USER_PATHS = NO;
				CLANG_CXX_LANGUAGE_STANDARD = "gnu++0x";
				CLANG_CXX_LIBRARY = "libc++";
				CLANG_ENABLE_MODULES = YES;
				CLANG_ENABLE_OBJC_ARC = YES;
				CLANG_WARN_BOOL_CONVERSION = YES;
				CLANG_WARN_CONSTANT_CONVERSION = YES;
				CLANG_WARN_DIRECT_OBJC_ISA_USAGE = YES_ERROR;
				CLANG_WARN_EMPTY_BODY = YES;
				CLANG_WARN_ENUM_CONVERSION = YES;
				CLANG_WARN_INT_CONVERSION = YES;
				CLANG_WARN_OBJC_ROOT_CLASS = YES_ERROR;
				CLANG_WARN_UNREACHABLE_CODE = YES;
				CLANG_WARN__DUPLICATE_METHOD_MATCH = YES;
				CODE_SIGN_IDENTITY = "-";
				COPY_PHASE_STRIP = NO;
				DEBUG_INFORMATION_FORMAT = "dwarf-with-dsym";
				ENABLE_NS_ASSERTIONS = NO;
				ENABLE_STRICT_OBJC_MSGSEND = YES;
				GCC_C_LANGUAGE_STANDARD = gnu99;
				GCC_NO_COMMON_BLOCKS = YES;
				GCC_WARN_64_TO_32_BIT_CONVERSION = YES;
				GCC_WARN_ABOUT_RETURN_TYPE = YES_ERROR;
				GCC_WARN_UNDECLARED_SELECTOR = YES;
				GCC_WARN_UNINITIALIZED_AUTOS = YES_AGGRESSIVE;
				GCC_WARN_UNUSED_FUNCTION = YES;
				GCC_WARN_UNUSED_VARIABLE = YES;
				MACOSX_DEPLOYMENT_TARGET = 10.10;
				MTL_ENABLE_DEBUG_INFO = NO;
				SDKROOT = macosx;
			};
			name = Release;
		};
		968F210B1C4FE014004E7AAB /* Debug */ = {
			isa = XCBuildConfiguration;
			buildSettings = {
				PRODUCT_NAME = "$(TARGET_NAME)";
			};
			name = Debug;
		};
		968F210C1C4FE014004E7AAB /* Release */ = {
			isa = XCBuildConfiguration;
			buildSettings = {
				PRODUCT_NAME = "$(TARGET_NAME)";
			};
			name = Release;
		};
/* End XCBuildConfiguration section */

/* Begin XCConfigurationList section */
		968F20FE1C4FE014004E7AAB /* Build configuration list for PBXProject "20 Questions" */ = {
			isa = XCConfigurationList;
			buildConfigurations = (
				968F21081C4FE014004E7AAB /* Debug */,
				968F21091C4FE014004E7AAB /* Release */,
			);
			defaultConfigurationIsVisible = 0;
			defaultConfigurationName = Release;
		};
		968F210A1C4FE014004E7AAB /* Build configuration list for PBXNativeTarget "20 Questions" */ = {
			isa = XCConfigurationList;
			buildConfigurations = (
				968F210B1C4FE014004E7AAB /* Debug */,
				968F210C1C4FE014004E7AAB /* Release */,
			);
			defaultConfigurationIsVisible = 0;
		};
/* End XCConfigurationList section */
	};
	rootObject = 968F20FB1C4FE014004E7AAB /* Project object */;
}
